
Microsoft Visual Studio Solution File, Format Version 12.00
# Visual Studio Version 17
VisualStudioVersion = 17.4.33213.308
MinimumVisualStudioVersion = 10.0.40219.1
Project("{FAE04EC0-301F-11D3-BF4B-00C04F79EFBC}") = "PolymorphismDemo", "PolymorphismDemo.csproj", "{56B9B370-9C24-43D5-854A-A831FF773DCB}"
EndProject
Global
	GlobalSection(SolutionConfigurationPlatforms) = preSolution
		Debug|Any CPU = Debug|Any CPU
		Release|Any CPU = Release|Any CPU
	EndGlobalSection
	GlobalSection(ProjectConfigurationPlatforms) = postSolution
		{56B9B370-9C24-43D5-854A-A831FF773DCB}.Debug|Any CPU.ActiveCfg = Debug|Any CPU
		{56B9B370-9C24-43D5-854A-A831FF773DCB}.Debug|Any CPU.Build.0 = Debug|Any CPU
		{56B9B370-9C24-43D5-854A-A831FF773DCB}.Release|Any CPU.ActiveCfg = Release|Any CPU
		{56B9B370-9C24-43D5-854A-A831FF773DCB}.Release|Any CPU.Build.0 = Release|Any CPU
	EndGlobalSection
	GlobalSection(SolutionProperties) = preSolution
		HideSolutionNode = FALSE
	EndGlobalSection
	GlobalSection(ExtensibilityGlobals) = postSolution
		SolutionGuid = {6AF6C65D-2EB5-407F-8E1D-083180D19A81}
	EndGlobalSection
EndGlobal
