
Microsoft Visual Studio Solution File, Format Version 12.00
# Visual Studio Version 17
VisualStudioVersion = 17.4.33213.308
MinimumVisualStudioVersion = 10.0.40219.1
Project("{FAE04EC0-301F-11D3-BF4B-00C04F79EFBC}") = "4.1 Type of Classes", "4.1 Type of Classes.csproj", "{B836D3E3-7F43-484A-BE05-13BC0ECE6979}"
EndProject
Global
	GlobalSection(SolutionConfigurationPlatforms) = preSolution
		Debug|Any CPU = Debug|Any CPU
		Release|Any CPU = Release|Any CPU
	EndGlobalSection
	GlobalSection(ProjectConfigurationPlatforms) = postSolution
		{B836D3E3-7F43-484A-BE05-13BC0ECE6979}.Debug|Any CPU.ActiveCfg = Debug|Any CPU
		{B836D3E3-7F43-484A-BE05-13BC0ECE6979}.Debug|Any CPU.Build.0 = Debug|Any CPU
		{B836D3E3-7F43-484A-BE05-13BC0ECE6979}.Release|Any CPU.ActiveCfg = Release|Any CPU
		{B836D3E3-7F43-484A-BE05-13BC0ECE6979}.Release|Any CPU.Build.0 = Release|Any CPU
	EndGlobalSection
	GlobalSection(SolutionProperties) = preSolution
		HideSolutionNode = FALSE
	EndGlobalSection
	GlobalSection(ExtensibilityGlobals) = postSolution
		SolutionGuid = {933070D0-F747-47AF-A1F2-E41FDAF43F12}
	EndGlobalSection
EndGlobal
