
Microsoft Visual Studio Solution File, Format Version 12.00
# Visual Studio Version 17
VisualStudioVersion = 17.4.33213.308
MinimumVisualStudioVersion = 10.0.40219.1
Project("{FAE04EC0-301F-11D3-BF4B-00C04F79EFBC}") = "InheritanceDemo", "InheritanceDemo.csproj", "{BAD3A778-CDD4-4FAD-81E4-C3213748CDD7}"
EndProject
Global
	GlobalSection(SolutionConfigurationPlatforms) = preSolution
		Debug|Any CPU = Debug|Any CPU
		Release|Any CPU = Release|Any CPU
	EndGlobalSection
	GlobalSection(ProjectConfigurationPlatforms) = postSolution
		{BAD3A778-CDD4-4FAD-81E4-C3213748CDD7}.Debug|Any CPU.ActiveCfg = Debug|Any CPU
		{BAD3A778-CDD4-4FAD-81E4-C3213748CDD7}.Debug|Any CPU.Build.0 = Debug|Any CPU
		{BAD3A778-CDD4-4FAD-81E4-C3213748CDD7}.Release|Any CPU.ActiveCfg = Release|Any CPU
		{BAD3A778-CDD4-4FAD-81E4-C3213748CDD7}.Release|Any CPU.Build.0 = Release|Any CPU
	EndGlobalSection
	GlobalSection(SolutionProperties) = preSolution
		HideSolutionNode = FALSE
	EndGlobalSection
	GlobalSection(ExtensibilityGlobals) = postSolution
		SolutionGuid = {C693CEB3-F7ED-46A2-B9AF-AB2E6D4A16D4}
	EndGlobalSection
EndGlobal
