
Microsoft Visual Studio Solution File, Format Version 12.00
# Visual Studio Version 17
VisualStudioVersion = 17.4.33213.308
MinimumVisualStudioVersion = 10.0.40219.1
Project("{FAE04EC0-301F-11D3-BF4B-00C04F79EFBC}") = "Function Method", "Function Method.csproj", "{E85CF3F3-757F-4E41-B2C1-F560A3EA5CFB}"
EndProject
Global
	GlobalSection(SolutionConfigurationPlatforms) = preSolution
		Debug|Any CPU = Debug|Any CPU
		Release|Any CPU = Release|Any CPU
	EndGlobalSection
	GlobalSection(ProjectConfigurationPlatforms) = postSolution
		{E85CF3F3-757F-4E41-B2C1-F560A3EA5CFB}.Debug|Any CPU.ActiveCfg = Debug|Any CPU
		{E85CF3F3-757F-4E41-B2C1-F560A3EA5CFB}.Debug|Any CPU.Build.0 = Debug|Any CPU
		{E85CF3F3-757F-4E41-B2C1-F560A3EA5CFB}.Release|Any CPU.ActiveCfg = Release|Any CPU
		{E85CF3F3-757F-4E41-B2C1-F560A3EA5CFB}.Release|Any CPU.Build.0 = Release|Any CPU
	EndGlobalSection
	GlobalSection(SolutionProperties) = preSolution
		HideSolutionNode = FALSE
	EndGlobalSection
	GlobalSection(ExtensibilityGlobals) = postSolution
		SolutionGuid = {EF238089-85DA-4A45-B2E1-AE44DC767164}
	EndGlobalSection
EndGlobal
