
Microsoft Visual Studio Solution File, Format Version 12.00
# Visual Studio Version 17
VisualStudioVersion = 17.4.33213.308
MinimumVisualStudioVersion = 10.0.40219.1
Project("{FAE04EC0-301F-11D3-BF4B-00C04F79EFBC}") = "19. Delegates Basics", "19. Delegates Basics.csproj", "{F8C37EA8-17DD-490B-9D06-E5CAB73CF423}"
EndProject
Global
	GlobalSection(SolutionConfigurationPlatforms) = preSolution
		Debug|Any CPU = Debug|Any CPU
		Release|Any CPU = Release|Any CPU
	EndGlobalSection
	GlobalSection(ProjectConfigurationPlatforms) = postSolution
		{F8C37EA8-17DD-490B-9D06-E5CAB73CF423}.Debug|Any CPU.ActiveCfg = Debug|Any CPU
		{F8C37EA8-17DD-490B-9D06-E5CAB73CF423}.Debug|Any CPU.Build.0 = Debug|Any CPU
		{F8C37EA8-17DD-490B-9D06-E5CAB73CF423}.Release|Any CPU.ActiveCfg = Release|Any CPU
		{F8C37EA8-17DD-490B-9D06-E5CAB73CF423}.Release|Any CPU.Build.0 = Release|Any CPU
	EndGlobalSection
	GlobalSection(SolutionProperties) = preSolution
		HideSolutionNode = FALSE
	EndGlobalSection
	GlobalSection(ExtensibilityGlobals) = postSolution
		SolutionGuid = {193D71B3-4F23-43D1-98AC-55CE2BD13908}
	EndGlobalSection
EndGlobal
