
Microsoft Visual Studio Solution File, Format Version 12.00
# Visual Studio Version 17
VisualStudioVersion = 17.4.33213.308
MinimumVisualStudioVersion = 10.0.40219.1
Project("{FAE04EC0-301F-11D3-BF4B-00C04F79EFBC}") = "Hello world .net5", "Hello world .net5.csproj", "{13BD833D-6141-4BC8-A959-7338FAFABB6C}"
EndProject
Global
	GlobalSection(SolutionConfigurationPlatforms) = preSolution
		Debug|Any CPU = Debug|Any CPU
		Release|Any CPU = Release|Any CPU
	EndGlobalSection
	GlobalSection(ProjectConfigurationPlatforms) = postSolution
		{13BD833D-6141-4BC8-A959-7338FAFABB6C}.Debug|Any CPU.ActiveCfg = Debug|Any CPU
		{13BD833D-6141-4BC8-A959-7338FAFABB6C}.Debug|Any CPU.Build.0 = Debug|Any CPU
		{13BD833D-6141-4BC8-A959-7338FAFABB6C}.Release|Any CPU.ActiveCfg = Release|Any CPU
		{13BD833D-6141-4BC8-A959-7338FAFABB6C}.Release|Any CPU.Build.0 = Release|Any CPU
	EndGlobalSection
	GlobalSection(SolutionProperties) = preSolution
		HideSolutionNode = FALSE
	EndGlobalSection
	GlobalSection(ExtensibilityGlobals) = postSolution
		SolutionGuid = {A602DEBA-AD44-4461-AA27-514EE3EA858B}
	EndGlobalSection
EndGlobal
